{
  "name": "test",
  "lockfileVersion": 3,
  "requires": true,
  "packages": {
    "": {
      "dependencies": {
        "aljbr-kholil": "^1.0.0"
      }
    },
    "node_modules/aljbr-kholil": {
      "version": "1.0.0",
      "resolved": "https://registry.npmjs.org/aljbr-kholil/-/aljbr-kholil-1.0.0.tgz",
      "integrity": "sha512-C1S/UzBwxQt9Xzbf/cbCnafTNulCEmad6HjmKGJNn0TsnKiSF2CkLU+7qzzx0gBBOq75JE8WfXYZUnC50Dx+9A==",
      "license": "ISC"
    }
  }
}
