{
  "name": "test",
  "lockfileVersion": 3,
  "requires": true,
  "packages": {
    "": {
      "dependencies": {
        "mtklib-tj10kpl": "^1.0.0"
      }
    },
    "node_modules/mtklib-tj10kpl": {
      "version": "1.0.0",
      "resolved": "https://registry.npmjs.org/mtklib-tj10kpl/-/mtklib-tj10kpl-1.0.0.tgz",
      "integrity": "sha512-L4Lcj5lj0Uf4GIFlnBTWjXexqOolB/g+LSdiZgKhZioqf9k/Dr7Vlt4wdDPtzucmJJhevhxAhdDt20jNKYYTEQ==",
      "license": "ISC"
    }
  }
}
